// !$*UTF8*$!
{
	archiveVersion = 1;
	classes = {
	};
	objectVersion = 46;
	objects = {

/* Begin PBXBuildFile section */
		1C13496D18A8CDB9008C23A9 /* Foundation.framework in Frameworks */ = {isa = PBXBuildFile; fileRef = 1C13496C18A8CDB9008C23A9 /* Foundation.framework */; };
		1C13496F18A8CDB9008C23A9 /* CoreGraphics.framework in Frameworks */ = {isa = PBXBuildFile; fileRef = 1C13496E18A8CDB9008C23A9 /* CoreGraphics.framework */; };
		1C13497118A8CDB9008C23A9 /* UIKit.framework in Frameworks */ = {isa = PBXBuildFile; fileRef = 1C13497018A8CDB9008C23A9 /* UIKit.framework */; };
		1C13497718A8CDB9008C23A9 /* InfoPlist.strings in Resources */ = {isa = PBXBuildFile; fileRef = 1C13497518A8CDB9008C23A9 /* InfoPlist.strings */; };
		1C13497918A8CDB9008C23A9 /* main.m in Sources */ = {isa = PBXBuildFile; fileRef = 1C13497818A8CDB9008C23A9 /* main.m */; };
		1C13497D18A8CDB9008C23A9 /* AppDelegate.m in Sources */ = {isa = PBXBuildFile; fileRef = 1C13497C18A8CDB9008C23A9 /* AppDelegate.m */; };
		1C13498018A8CDB9008C23A9 /* Main.storyboard in Resources */ = {isa = PBXBuildFile; fileRef = 1C13497E18A8CDB9008C23A9 /* Main.storyboard */; };
		1C13498318A8CDB9008C23A9 /* ViewController.m in Sources */ = {isa = PBXBuildFile; fileRef = 1C13498218A8CDB9008C23A9 /* ViewController.m */; };
		1C13498518A8CDB9008C23A9 /* Images.xcassets in Resources */ = {isa = PBXBuildFile; fileRef = 1C13498418A8CDB9008C23A9 /* Images.xcassets */; };
		1C13498C18A8CDB9008C23A9 /* XCTest.framework in Frameworks */ = {isa = PBXBuildFile; fileRef = 1C13498B18A8CDB9008C23A9 /* XCTest.framework */; };
		1C13498D18A8CDB9008C23A9 /* Foundation.framework in Frameworks */ = {isa = PBXBuildFile; fileRef = 1C13496C18A8CDB9008C23A9 /* Foundation.framework */; };
		1C13498E18A8CDB9008C23A9 /* UIKit.framework in Frameworks */ = {isa = PBXBuildFile; fileRef = 1C13497018A8CDB9008C23A9 /* UIKit.framework */; };
		1C13499618A8CDB9008C23A9 /* InfoPlist.strings in Resources */ = {isa = PBXBuildFile; fileRef = 1C13499418A8CDB9008C23A9 /* InfoPlist.strings */; };
		1C13499818A8CDB9008C23A9 /* PushAppTests.m in Sources */ = {isa = PBXBuildFile; fileRef = 1C13499718A8CDB9008C23A9 /* PushAppTests.m */; };
/* End PBXBuildFile section */

/* Begin PBXContainerItemProxy section */
		1C13498F18A8CDB9008C23A9 /* PBXContainerItemProxy */ = {
			isa = PBXContainerItemProxy;
			containerPortal = 1C13496118A8CDB9008C23A9 /* Project object */;
			proxyType = 1;
			remoteGlobalIDString = 1C13496818A8CDB9008C23A9;
			remoteInfo = PushApp;
		};
/* End PBXContainerItemProxy section */

/* Begin PBXFileReference section */
		1C13496918A8CDB9008C23A9 /* PushApp.app */ = {isa = PBXFileReference; explicitFileType = wrapper.application; includeInIndex = 0; path = PushApp.app; sourceTree = BUILT_PRODUCTS_DIR; };
		1C13496C18A8CDB9008C23A9 /* Foundation.framework */ = {isa = PBXFileReference; lastKnownFileType = wrapper.framework; name = Foundation.framework; path = System/Library/Frameworks/Foundation.framework; sourceTree = SDKROOT; };
		1C13496E18A8CDB9008C23A9 /* CoreGraphics.framework */ = {isa = PBXFileReference; lastKnownFileType = wrapper.framework; name = CoreGraphics.framework; path = System/Library/Frameworks/CoreGraphics.framework; sourceTree = SDKROOT; };
		1C13497018A8CDB9008C23A9 /* UIKit.framework */ = {isa = PBXFileReference; lastKnownFileType = wrapper.framework; name = UIKit.framework; path = System/Library/Frameworks/UIKit.framework; sourceTree = SDKROOT; };
		1C13497418A8CDB9008C23A9 /* PushApp-Info.plist */ = {isa = PBXFileReference; lastKnownFileType = text.plist.xml; path = "PushApp-Info.plist"; sourceTree = "<group>"; };
		1C13497618A8CDB9008C23A9 /* en */ = {isa = PBXFileReference; lastKnownFileType = text.plist.strings; name = en; path = en.lproj/InfoPlist.strings; sourceTree = "<group>"; };
		1C13497818A8CDB9008C23A9 /* main.m */ = {isa = PBXFileReference; lastKnownFileType = sourcecode.c.objc; path = main.m; sourceTree = "<group>"; };
		1C13497A18A8CDB9008C23A9 /* PushApp-Prefix.pch */ = {isa = PBXFileReference; lastKnownFileType = sourcecode.c.h; path = "PushApp-Prefix.pch"; sourceTree = "<group>"; };
		1C13497B18A8CDB9008C23A9 /* AppDelegate.h */ = {isa = PBXFileReference; lastKnownFileType = sourcecode.c.h; path = AppDelegate.h; sourceTree = "<group>"; };
		1C13497C18A8CDB9008C23A9 /* AppDelegate.m */ = {isa = PBXFileReference; lastKnownFileType = sourcecode.c.objc; path = AppDelegate.m; sourceTree = "<group>"; };
		1C13497F18A8CDB9008C23A9 /* Base */ = {isa = PBXFileReference; lastKnownFileType = file.storyboard; name = Base; path = Base.lproj/Main.storyboard; sourceTree = "<group>"; };
		1C13498118A8CDB9008C23A9 /* ViewController.h */ = {isa = PBXFileReference; lastKnownFileType = sourcecode.c.h; path = ViewController.h; sourceTree = "<group>"; };
		1C13498218A8CDB9008C23A9 /* ViewController.m */ = {isa = PBXFileReference; lastKnownFileType = sourcecode.c.objc; path = ViewController.m; sourceTree = "<group>"; };
		1C13498418A8CDB9008C23A9 /* Images.xcassets */ = {isa = PBXFileReference; lastKnownFileType = folder.assetcatalog; path = Images.xcassets; sourceTree = "<group>"; };
		1C13498A18A8CDB9008C23A9 /* PushAppTests.xctest */ = {isa = PBXFileReference; explicitFileType = wrapper.cfbundle; includeInIndex = 0; path = PushAppTests.xctest; sourceTree = BUILT_PRODUCTS_DIR; };
		1C13498B18A8CDB9008C23A9 /* XCTest.framework */ = {isa = PBXFileReference; lastKnownFileType = wrapper.framework; name = XCTest.framework; path = Library/Frameworks/XCTest.framework; sourceTree = DEVELOPER_DIR; };
		1C13499318A8CDB9008C23A9 /* PushAppTests-Info.plist */ = {isa = PBXFileReference; lastKnownFileType = text.plist.xml; path = "PushAppTests-Info.plist"; sourceTree = "<group>"; };
		1C13499518A8CDB9008C23A9 /* en */ = {isa = PBXFileReference; lastKnownFileType = text.plist.strings; name = en; path = en.lproj/InfoPlist.strings; sourceTree = "<group>"; };
		1C13499718A8CDB9008C23A9 /* PushAppTests.m */ = {isa = PBXFileReference; lastKnownFileType = sourcecode.c.objc; path = PushAppTests.m; sourceTree = "<group>"; };
/* End PBXFileReference section */

/* Begin PBXFrameworksBuildPhase section */
		1C13496618A8CDB9008C23A9 /* Frameworks */ = {
			isa = PBXFrameworksBuildPhase;
			buildActionMask = 2147483647;
			files = (
				1C13496F18A8CDB9008C23A9 /* CoreGraphics.framework in Frameworks */,
				1C13497118A8CDB9008C23A9 /* UIKit.framework in Frameworks */,
				1C13496D18A8CDB9008C23A9 /* Foundation.framework in Frameworks */,
			);
			runOnlyForDeploymentPostprocessing = 0;
		};
		1C13498718A8CDB9008C23A9 /* Frameworks */ = {
			isa = PBXFrameworksBuildPhase;
			buildActionMask = 2147483647;
			files = (
				1C13498C18A8CDB9008C23A9 /* XCTest.framework in Frameworks */,
				1C13498E18A8CDB9008C23A9 /* UIKit.framework in Frameworks */,
				1C13498D18A8CDB9008C23A9 /* Foundation.framework in Frameworks */,
			);
			runOnlyForDeploymentPostprocessing = 0;
		};
/* End PBXFrameworksBuildPhase section */

/* Begin PBXGroup section */
		1C13496018A8CDB9008C23A9 = {
			isa = PBXGroup;
			children = (
				1C13497218A8CDB9008C23A9 /* PushApp */,
				1C13499118A8CDB9008C23A9 /* PushAppTests */,
				1C13496B18A8CDB9008C23A9 /* Frameworks */,
				1C13496A18A8CDB9008C23A9 /* Products */,
			);
			sourceTree = "<group>";
		};
		1C13496A18A8CDB9008C23A9 /* Products */ = {
			isa = PBXGroup;
			children = (
				1C13496918A8CDB9008C23A9 /* PushApp.app */,
				1C13498A18A8CDB9008C23A9 /* PushAppTests.xctest */,
			);
			name = Products;
			sourceTree = "<group>";
		};
		1C13496B18A8CDB9008C23A9 /* Frameworks */ = {
			isa = PBXGroup;
			children = (
				1C13496C18A8CDB9008C23A9 /* Foundation.framework */,
				1C13496E18A8CDB9008C23A9 /* CoreGraphics.framework */,
				1C13497018A8CDB9008C23A9 /* UIKit.framework */,
				1C13498B18A8CDB9008C23A9 /* XCTest.framework */,
			);
			name = Frameworks;
			sourceTree = "<group>";
		};
		1C13497218A8CDB9008C23A9 /* PushApp */ = {
			isa = PBXGroup;
			children = (
				1C13497B18A8CDB9008C23A9 /* AppDelegate.h */,
				1C13497C18A8CDB9008C23A9 /* AppDelegate.m */,
				1C13497E18A8CDB9008C23A9 /* Main.storyboard */,
				1C13498118A8CDB9008C23A9 /* ViewController.h */,
				1C13498218A8CDB9008C23A9 /* ViewController.m */,
				1C13498418A8CDB9008C23A9 /* Images.xcassets */,
				1C13497318A8CDB9008C23A9 /* Supporting Files */,
			);
			path = PushApp;
			sourceTree = "<group>";
		};
		1C13497318A8CDB9008C23A9 /* Supporting Files */ = {
			isa = PBXGroup;
			children = (
				1C13497418A8CDB9008C23A9 /* PushApp-Info.plist */,
				1C13497518A8CDB9008C23A9 /* InfoPlist.strings */,
				1C13497818A8CDB9008C23A9 /* main.m */,
				1C13497A18A8CDB9008C23A9 /* PushApp-Prefix.pch */,
			);
			name = "Supporting Files";
			sourceTree = "<group>";
		};
		1C13499118A8CDB9008C23A9 /* PushAppTests */ = {
			isa = PBXGroup;
			children = (
				1C13499718A8CDB9008C23A9 /* PushAppTests.m */,
				1C13499218A8CDB9008C23A9 /* Supporting Files */,
			);
			path = PushAppTests;
			sourceTree = "<group>";
		};
		1C13499218A8CDB9008C23A9 /* Supporting Files */ = {
			isa = PBXGroup;
			children = (
				1C13499318A8CDB9008C23A9 /* PushAppTests-Info.plist */,
				1C13499418A8CDB9008C23A9 /* InfoPlist.strings */,
			);
			name = "Supporting Files";
			sourceTree = "<group>";
		};
/* End PBXGroup section */

/* Begin PBXNativeTarget section */
		1C13496818A8CDB9008C23A9 /* PushApp */ = {
			isa = PBXNativeTarget;
			buildConfigurationList = 1C13499B18A8CDBA008C23A9 /* Build configuration list for PBXNativeTarget "PushApp" */;
			buildPhases = (
				1C13496518A8CDB9008C23A9 /* Sources */,
				1C13496618A8CDB9008C23A9 /* Frameworks */,
				1C13496718A8CDB9008C23A9 /* Resources */,
			);
			buildRules = (
			);
			dependencies = (
			);
			name = PushApp;
			productName = PushApp;
			productReference = 1C13496918A8CDB9008C23A9 /* PushApp.app */;
			productType = "com.apple.product-type.application";
		};
		1C13498918A8CDB9008C23A9 /* PushAppTests */ = {
			isa = PBXNativeTarget;
			buildConfigurationList = 1C13499E18A8CDBA008C23A9 /* Build configuration list for PBXNativeTarget "PushAppTests" */;
			buildPhases = (
				1C13498618A8CDB9008C23A9 /* Sources */,
				1C13498718A8CDB9008C23A9 /* Frameworks */,
				1C13498818A8CDB9008C23A9 /* Resources */,
			);
			buildRules = (
			);
			dependencies = (
				1C13499018A8CDB9008C23A9 /* PBXTargetDependency */,
			);
			name = PushAppTests;
			productName = PushAppTests;
			productReference = 1C13498A18A8CDB9008C23A9 /* PushAppTests.xctest */;
			productType = "com.apple.product-type.bundle.unit-test";
		};
/* End PBXNativeTarget section */

/* Begin PBXProject section */
		1C13496118A8CDB9008C23A9 /* Project object */ = {
			isa = PBXProject;
			attributes = {
				LastUpgradeCheck = 0500;
				ORGANIZATIONNAME = DuongNguyen;
				TargetAttributes = {
					1C13498918A8CDB9008C23A9 = {
						TestTargetID = 1C13496818A8CDB9008C23A9;
					};
				};
			};
			buildConfigurationList = 1C13496418A8CDB9008C23A9 /* Build configuration list for PBXProject "PushApp" */;
			compatibilityVersion = "Xcode 3.2";
			developmentRegion = English;
			hasScannedForEncodings = 0;
			knownRegions = (
				en,
				Base,
			);
			mainGroup = 1C13496018A8CDB9008C23A9;
			productRefGroup = 1C13496A18A8CDB9008C23A9 /* Products */;
			projectDirPath = "";
			projectRoot = "";
			targets = (
				1C13496818A8CDB9008C23A9 /* PushApp */,
				1C13498918A8CDB9008C23A9 /* PushAppTests */,
			);
		};
/* End PBXProject section */

/* Begin PBXResourcesBuildPhase section */
		1C13496718A8CDB9008C23A9 /* Resources */ = {
			isa = PBXResourcesBuildPhase;
			buildActionMask = 2147483647;
			files = (
				1C13498518A8CDB9008C23A9 /* Images.xcassets in Resources */,
				1C13497718A8CDB9008C23A9 /* InfoPlist.strings in Resources */,
				1C13498018A8CDB9008C23A9 /* Main.storyboard in Resources */,
			);
			runOnlyForDeploymentPostprocessing = 0;
		};
		1C13498818A8CDB9008C23A9 /* Resources */ = {
			isa = PBXResourcesBuildPhase;
			buildActionMask = 2147483647;
			files = (
				1C13499618A8CDB9008C23A9 /* InfoPlist.strings in Resources */,
			);
			runOnlyForDeploymentPostprocessing = 0;
		};
/* End PBXResourcesBuildPhase section */

/* Begin PBXSourcesBuildPhase section */
		1C13496518A8CDB9008C23A9 /* Sources */ = {
			isa = PBXSourcesBuildPhase;
			buildActionMask = 2147483647;
			files = (
				1C13498318A8CDB9008C23A9 /* ViewController.m in Sources */,
				1C13497D18A8CDB9008C23A9 /* AppDelegate.m in Sources */,
				1C13497918A8CDB9008C23A9 /* main.m in Sources */,
			);
			runOnlyForDeploymentPostprocessing = 0;
		};
		1C13498618A8CDB9008C23A9 /* Sources */ = {
			isa = PBXSourcesBuildPhase;
			buildActionMask = 2147483647;
			files = (
				1C13499818A8CDB9008C23A9 /* PushAppTests.m in Sources */,
			);
			runOnlyForDeploymentPostprocessing = 0;
		};
/* End PBXSourcesBuildPhase section */

/* Begin PBXTargetDependency section */
		1C13499018A8CDB9008C23A9 /* PBXTargetDependency */ = {
			isa = PBXTargetDependency;
			target = 1C13496818A8CDB9008C23A9 /* PushApp */;
			targetProxy = 1C13498F18A8CDB9008C23A9 /* PBXContainerItemProxy */;
		};
/* End PBXTargetDependency section */

/* Begin PBXVariantGroup section */
		1C13497518A8CDB9008C23A9 /* InfoPlist.strings */ = {
			isa = PBXVariantGroup;
			children = (
				1C13497618A8CDB9008C23A9 /* en */,
			);
			name = InfoPlist.strings;
			sourceTree = "<group>";
		};
		1C13497E18A8CDB9008C23A9 /* Main.storyboard */ = {
			isa = PBXVariantGroup;
			children = (
				1C13497F18A8CDB9008C23A9 /* Base */,
			);
			name = Main.storyboard;
			sourceTree = "<group>";
		};
		1C13499418A8CDB9008C23A9 /* InfoPlist.strings */ = {
			isa = PBXVariantGroup;
			children = (
				1C13499518A8CDB9008C23A9 /* en */,
			);
			name = InfoPlist.strings;
			sourceTree = "<group>";
		};
/* End PBXVariantGroup section */

/* Begin XCBuildConfiguration section */
		1C13499918A8CDBA008C23A9 /* Debug */ = {
			isa = XCBuildConfiguration;
			buildSettings = {
				ALWAYS_SEARCH_USER_PATHS = NO;
				ARCHS = "$(ARCHS_STANDARD_INCLUDING_64_BIT)";
				CLANG_CXX_LANGUAGE_STANDARD = "gnu++0x";
				CLANG_CXX_LIBRARY = "libc++";
				CLANG_ENABLE_MODULES = YES;
				CLANG_ENABLE_OBJC_ARC = YES;
				CLANG_WARN_BOOL_CONVERSION = YES;
				CLANG_WARN_CONSTANT_CONVERSION = YES;
				CLANG_WARN_DIRECT_OBJC_ISA_USAGE = YES_ERROR;
				CLANG_WARN_EMPTY_BODY = YES;
				CLANG_WARN_ENUM_CONVERSION = YES;
				CLANG_WARN_INT_CONVERSION = YES;
				CLANG_WARN_OBJC_ROOT_CLASS = YES_ERROR;
				CLANG_WARN__DUPLICATE_METHOD_MATCH = YES;
				"CODE_SIGN_IDENTITY[sdk=iphoneos*]" = "iPhone Developer";
				COPY_PHASE_STRIP = NO;
				GCC_C_LANGUAGE_STANDARD = gnu99;
				GCC_DYNAMIC_NO_PIC = NO;
				GCC_OPTIMIZATION_LEVEL = 0;
				GCC_PREPROCESSOR_DEFINITIONS = (
					"DEBUG=1",
					"$(inherited)",
				);
				GCC_SYMBOLS_PRIVATE_EXTERN = NO;
				GCC_WARN_64_TO_32_BIT_CONVERSION = YES;
				GCC_WARN_ABOUT_RETURN_TYPE = YES_ERROR;
				GCC_WARN_UNDECLARED_SELECTOR = YES;
				GCC_WARN_UNINITIALIZED_AUTOS = YES;
				GCC_WARN_UNUSED_FUNCTION = YES;
				GCC_WARN_UNUSED_VARIABLE = YES;
				IPHONEOS_DEPLOYMENT_TARGET = 7.0;
				ONLY_ACTIVE_ARCH = YES;
				SDKROOT = iphoneos;
			};
			name = Debug;
		};
		1C13499A18A8CDBA008C23A9 /* Release */ = {
			isa = XCBuildConfiguration;
			buildSettings = {
				ALWAYS_SEARCH_USER_PATHS = NO;
				ARCHS = "$(ARCHS_STANDARD_INCLUDING_64_BIT)";
				CLANG_CXX_LANGUAGE_STANDARD = "gnu++0x";
				CLANG_CXX_LIBRARY = "libc++";
				CLANG_ENABLE_MODULES = YES;
				CLANG_ENABLE_OBJC_ARC = YES;
				CLANG_WARN_BOOL_CONVERSION = YES;
				CLANG_WARN_CONSTANT_CONVERSION = YES;
				CLANG_WARN_DIRECT_OBJC_ISA_USAGE = YES_ERROR;
				CLANG_WARN_EMPTY_BODY = YES;
				CLANG_WARN_ENUM_CONVERSION = YES;
				CLANG_WARN_INT_CONVERSION = YES;
				CLANG_WARN_OBJC_ROOT_CLASS = YES_ERROR;
				CLANG_WARN__DUPLICATE_METHOD_MATCH = YES;
				"CODE_SIGN_IDENTITY[sdk=iphoneos*]" = "iPhone Developer";
				COPY_PHASE_STRIP = YES;
				ENABLE_NS_ASSERTIONS = NO;
				GCC_C_LANGUAGE_STANDARD = gnu99;
				GCC_WARN_64_TO_32_BIT_CONVERSION = YES;
				GCC_WARN_ABOUT_RETURN_TYPE = YES_ERROR;
				GCC_WARN_UNDECLARED_SELECTOR = YES;
				GCC_WARN_UNINITIALIZED_AUTOS = YES;
				GCC_WARN_UNUSED_FUNCTION = YES;
				GCC_WARN_UNUSED_VARIABLE = YES;
				IPHONEOS_DEPLOYMENT_TARGET = 7.0;
				SDKROOT = iphoneos;
				VALIDATE_PRODUCT = YES;
			};
			name = Release;
		};
		1C13499C18A8CDBA008C23A9 /* Debug */ = {
			isa = XCBuildConfiguration;
			buildSettings = {
				ASSETCATALOG_COMPILER_APPICON_NAME = AppIcon;
				ASSETCATALOG_COMPILER_LAUNCHIMAGE_NAME = LaunchImage;
				GCC_PRECOMPILE_PREFIX_HEADER = YES;
				GCC_PREFIX_HEADER = "PushApp/PushApp-Prefix.pch";
				INFOPLIST_FILE = "PushApp/PushApp-Info.plist";
				PRODUCT_NAME = "$(TARGET_NAME)";
				WRAPPER_EXTENSION = app;
			};
			name = Debug;
		};
		1C13499D18A8CDBA008C23A9 /* Release */ = {
			isa = XCBuildConfiguration;
			buildSettings = {
				ASSETCATALOG_COMPILER_APPICON_NAME = AppIcon;
				ASSETCATALOG_COMPILER_LAUNCHIMAGE_NAME = LaunchImage;
				GCC_PRECOMPILE_PREFIX_HEADER = YES;
				GCC_PREFIX_HEADER = "PushApp/PushApp-Prefix.pch";
				INFOPLIST_FILE = "PushApp/PushApp-Info.plist";
				PRODUCT_NAME = "$(TARGET_NAME)";
				WRAPPER_EXTENSION = app;
			};
			name = Release;
		};
		1C13499F18A8CDBA008C23A9 /* Debug */ = {
			isa = XCBuildConfiguration;
			buildSettings = {
				ARCHS = "$(ARCHS_STANDARD_INCLUDING_64_BIT)";
				BUNDLE_LOADER = "$(BUILT_PRODUCTS_DIR)/PushApp.app/PushApp";
				FRAMEWORK_SEARCH_PATHS = (
					"$(SDKROOT)/Developer/Library/Frameworks",
					"$(inherited)",
					"$(DEVELOPER_FRAMEWORKS_DIR)",
				);
				GCC_PRECOMPILE_PREFIX_HEADER = YES;
				GCC_PREFIX_HEADER = "PushApp/PushApp-Prefix.pch";
				GCC_PREPROCESSOR_DEFINITIONS = (
					"DEBUG=1",
					"$(inherited)",
				);
				INFOPLIST_FILE = "PushAppTests/PushAppTests-Info.plist";
				PRODUCT_NAME = "$(TARGET_NAME)";
				TEST_HOST = "$(BUNDLE_LOADER)";
				WRAPPER_EXTENSION = xctest;
			};
			name = Debug;
		};
		1C1349A018A8CDBA008C23A9 /* Release */ = {
			isa = XCBuildConfiguration;
			buildSettings = {
				ARCHS = "$(ARCHS_STANDARD_INCLUDING_64_BIT)";
				BUNDLE_LOADER = "$(BUILT_PRODUCTS_DIR)/PushApp.app/PushApp";
				FRAMEWORK_SEARCH_PATHS = (
					"$(SDKROOT)/Developer/Library/Frameworks",
					"$(inherited)",
					"$(DEVELOPER_FRAMEWORKS_DIR)",
				);
				GCC_PRECOMPILE_PREFIX_HEADER = YES;
				GCC_PREFIX_HEADER = "PushApp/PushApp-Prefix.pch";
				INFOPLIST_FILE = "PushAppTests/PushAppTests-Info.plist";
				PRODUCT_NAME = "$(TARGET_NAME)";
				TEST_HOST = "$(BUNDLE_LOADER)";
				WRAPPER_EXTENSION = xctest;
			};
			name = Release;
		};
/* End XCBuildConfiguration section */

/* Begin XCConfigurationList section */
		1C13496418A8CDB9008C23A9 /* Build configuration list for PBXProject "PushApp" */ = {
			isa = XCConfigurationList;
			buildConfigurations = (
				1C13499918A8CDBA008C23A9 /* Debug */,
				1C13499A18A8CDBA008C23A9 /* Release */,
			);
			defaultConfigurationIsVisible = 0;
			defaultConfigurationName = Release;
		};
		1C13499B18A8CDBA008C23A9 /* Build configuration list for PBXNativeTarget "PushApp" */ = {
			isa = XCConfigurationList;
			buildConfigurations = (
				1C13499C18A8CDBA008C23A9 /* Debug */,
				1C13499D18A8CDBA008C23A9 /* Release */,
			);
			defaultConfigurationIsVisible = 0;
		};
		1C13499E18A8CDBA008C23A9 /* Build configuration list for PBXNativeTarget "PushAppTests" */ = {
			isa = XCConfigurationList;
			buildConfigurations = (
				1C13499F18A8CDBA008C23A9 /* Debug */,
				1C1349A018A8CDBA008C23A9 /* Release */,
			);
			defaultConfigurationIsVisible = 0;
		};
/* End XCConfigurationList section */
	};
	rootObject = 1C13496118A8CDB9008C23A9 /* Project object */;
}
